
Microsoft Visual Studio Solution File, Format Version 12.00
# Visual Studio Version 17
VisualStudioVersion = 17.4.33213.308
MinimumVisualStudioVersion = 10.0.40219.1
Project("{FAE04EC0-301F-11D3-BF4B-00C04F79EFBC}") = "ProyectoESP32", "ProyectoESP32\ProyectoESP32.csproj", "{98D409A5-7782-4C3D-B80B-4966799AF90C}"
EndProject
Global
	GlobalSection(SolutionConfigurationPlatforms) = preSolution
		Debug|Any CPU = Debug|Any CPU
		Release|Any CPU = Release|Any CPU
	EndGlobalSection
	GlobalSection(ProjectConfigurationPlatforms) = postSolution
		{98D409A5-7782-4C3D-B80B-4966799AF90C}.Debug|Any CPU.ActiveCfg = Debug|Any CPU
		{98D409A5-7782-4C3D-B80B-4966799AF90C}.Debug|Any CPU.Build.0 = Debug|Any CPU
		{98D409A5-7782-4C3D-B80B-4966799AF90C}.Release|Any CPU.ActiveCfg = Release|Any CPU
		{98D409A5-7782-4C3D-B80B-4966799AF90C}.Release|Any CPU.Build.0 = Release|Any CPU
	EndGlobalSection
	GlobalSection(SolutionProperties) = preSolution
		HideSolutionNode = FALSE
	EndGlobalSection
	GlobalSection(ExtensibilityGlobals) = postSolution
		SolutionGuid = {D7040AB2-3BF5-4F77-A220-4742C9AA6311}
	EndGlobalSection
EndGlobal
