
Microsoft Visual Studio Solution File, Format Version 12.00
# Visual Studio Version 17
VisualStudioVersion = 17.4.33213.308
MinimumVisualStudioVersion = 10.0.40219.1
Project("{FAE04EC0-301F-11D3-BF4B-00C04F79EFBC}") = "UsosDeFor_Switch_Clases", "UsosDeFor_Switch_Clases\UsosDeFor_Switch_Clases.csproj", "{7CF9FBD3-BEA3-45CF-9F0B-56595175E497}"
EndProject
Global
	GlobalSection(SolutionConfigurationPlatforms) = preSolution
		Debug|Any CPU = Debug|Any CPU
		Release|Any CPU = Release|Any CPU
	EndGlobalSection
	GlobalSection(ProjectConfigurationPlatforms) = postSolution
		{7CF9FBD3-BEA3-45CF-9F0B-56595175E497}.Debug|Any CPU.ActiveCfg = Debug|Any CPU
		{7CF9FBD3-BEA3-45CF-9F0B-56595175E497}.Debug|Any CPU.Build.0 = Debug|Any CPU
		{7CF9FBD3-BEA3-45CF-9F0B-56595175E497}.Release|Any CPU.ActiveCfg = Release|Any CPU
		{7CF9FBD3-BEA3-45CF-9F0B-56595175E497}.Release|Any CPU.Build.0 = Release|Any CPU
	EndGlobalSection
	GlobalSection(SolutionProperties) = preSolution
		HideSolutionNode = FALSE
	EndGlobalSection
	GlobalSection(ExtensibilityGlobals) = postSolution
		SolutionGuid = {ECF156C3-5061-45C8-9A12-A1D1A6953D11}
	EndGlobalSection
EndGlobal
