
Microsoft Visual Studio Solution File, Format Version 12.00
# Visual Studio Version 17
VisualStudioVersion = 17.4.33213.308
MinimumVisualStudioVersion = 10.0.40219.1
Project("{FAE04EC0-301F-11D3-BF4B-00C04F79EFBC}") = "Ejercicio3NumesDescendenteSyRA", "Ejercicio3NumesDescendenteSyRA\Ejercicio3NumesDescendenteSyRA.csproj", "{E19B0D0E-76D4-4A79-8EA6-526E59C532AB}"
EndProject
Global
	GlobalSection(SolutionConfigurationPlatforms) = preSolution
		Debug|Any CPU = Debug|Any CPU
		Release|Any CPU = Release|Any CPU
	EndGlobalSection
	GlobalSection(ProjectConfigurationPlatforms) = postSolution
		{E19B0D0E-76D4-4A79-8EA6-526E59C532AB}.Debug|Any CPU.ActiveCfg = Debug|Any CPU
		{E19B0D0E-76D4-4A79-8EA6-526E59C532AB}.Debug|Any CPU.Build.0 = Debug|Any CPU
		{E19B0D0E-76D4-4A79-8EA6-526E59C532AB}.Release|Any CPU.ActiveCfg = Release|Any CPU
		{E19B0D0E-76D4-4A79-8EA6-526E59C532AB}.Release|Any CPU.Build.0 = Release|Any CPU
	EndGlobalSection
	GlobalSection(SolutionProperties) = preSolution
		HideSolutionNode = FALSE
	EndGlobalSection
	GlobalSection(ExtensibilityGlobals) = postSolution
		SolutionGuid = {78C2998A-CB7F-4028-B2EE-B67489CE901D}
	EndGlobalSection
EndGlobal
